
Microsoft Visual Studio Solution File, Format Version 12.00
# Visual Studio Version 17
VisualStudioVersion = 17.2.32317.152
MinimumVisualStudioVersion = 10.0.40219.1
Project("{FAE04EC0-301F-11D3-BF4B-00C04F79EFBC}") = "Math_Library_Allfunctions", "Math_Library_Allfunctions.csproj", "{9E956C44-72BD-4938-A974-09F0AC87691D}"
EndProject
Global
	GlobalSection(SolutionConfigurationPlatforms) = preSolution
		Debug|Any CPU = Debug|Any CPU
		Release|Any CPU = Release|Any CPU
	EndGlobalSection
	GlobalSection(ProjectConfigurationPlatforms) = postSolution
		{9E956C44-72BD-4938-A974-09F0AC87691D}.Debug|Any CPU.ActiveCfg = Debug|Any CPU
		{9E956C44-72BD-4938-A974-09F0AC87691D}.Debug|Any CPU.Build.0 = Debug|Any CPU
		{9E956C44-72BD-4938-A974-09F0AC87691D}.Release|Any CPU.ActiveCfg = Release|Any CPU
		{9E956C44-72BD-4938-A974-09F0AC87691D}.Release|Any CPU.Build.0 = Release|Any CPU
	EndGlobalSection
	GlobalSection(SolutionProperties) = preSolution
		HideSolutionNode = FALSE
	EndGlobalSection
	GlobalSection(ExtensibilityGlobals) = postSolution
		SolutionGuid = {99E77A37-C318-4164-9B12-B964A1E314A9}
	EndGlobalSection
EndGlobal
